Microsoft Visual Studio Solution File, Format Version 12.00
# Visual Studio 2012
Project("{FAE04EC0-301F-11D3-BF4B-00C04F79EFBC}") = "Assignment_1", "Assignment_1.csproj", "{FE9F0434-097A-4EC3-9A4B-F23277BBDCDD}"
EndProject
Global
	GlobalSection(SolutionConfigurationPlatforms) = preSolution
	Debug|Any CPU = Debug|Any CPU
	ExportDebug|Any CPU = ExportDebug|Any CPU
	ExportRelease|Any CPU = ExportRelease|Any CPU
	EndGlobalSection
	GlobalSection(ProjectConfigurationPlatforms) = postSolution
		{FE9F0434-097A-4EC3-9A4B-F23277BBDCDD}.Debug|Any CPU.ActiveCfg = Debug|Any CPU
		{FE9F0434-097A-4EC3-9A4B-F23277BBDCDD}.Debug|Any CPU.Build.0 = Debug|Any CPU
		{FE9F0434-097A-4EC3-9A4B-F23277BBDCDD}.ExportDebug|Any CPU.ActiveCfg = ExportDebug|Any CPU
		{FE9F0434-097A-4EC3-9A4B-F23277BBDCDD}.ExportDebug|Any CPU.Build.0 = ExportDebug|Any CPU
		{FE9F0434-097A-4EC3-9A4B-F23277BBDCDD}.ExportRelease|Any CPU.ActiveCfg = ExportRelease|Any CPU
		{FE9F0434-097A-4EC3-9A4B-F23277BBDCDD}.ExportRelease|Any CPU.Build.0 = ExportRelease|Any CPU
	EndGlobalSection
EndGlobal
